// !$*UTF8*$!
{
	archiveVersion = 1;
	classes = {
	};
	objectVersion = 56;
	objects = {

/* Begin PBXBuildFile section */
		882680A02D45830D00DFAA88 /* AllContacts.swift in Sources */ = {isa = PBXBuildFile; fileRef = 8826809F2D45830D00DFAA88 /* AllContacts.swift */; };
		882680A22D4A39F100DFAA88 /* SideMenuView.swift in Sources */ = {isa = PBXBuildFile; fileRef = 882680A12D4A39F100DFAA88 /* SideMenuView.swift */; };
		882680A42D4A3C8E00DFAA88 /* MenuButton.swift in Sources */ = {isa = PBXBuildFile; fileRef = 882680A32D4A3C8E00DFAA88 /* MenuButton.swift */; };
		882680A62D4A3EAA00DFAA88 /* AuthManager.swift in Sources */ = {isa = PBXBuildFile; fileRef = 882680A52D4A3EAA00DFAA88 /* AuthManager.swift */; };
		882680A82D4A540700DFAA88 /* NewBusinessFollowup.swift in Sources */ = {isa = PBXBuildFile; fileRef = 882680A72D4A540700DFAA88 /* NewBusinessFollowup.swift */; };
		882680AA2D4AA16100DFAA88 /* ContactDetailView.swift in Sources */ = {isa = PBXBuildFile; fileRef = 882680A92D4AA16100DFAA88 /* ContactDetailView.swift */; };
		882680AC2D4B19A800DFAA88 /* NewBusinessFollowupDetailView.swift in Sources */ = {isa = PBXBuildFile; fileRef = 882680AB2D4B19A800DFAA88 /* NewBusinessFollowupDetailView.swift */; };
		882680AE2D4B293F00DFAA88 /* IndividualRenewal.swift in Sources */ = {isa = PBXBuildFile; fileRef = 882680AD2D4B293F00DFAA88 /* IndividualRenewal.swift */; };
		882680B02D4BE12A00DFAA88 /* SingleRenewalListView.swift in Sources */ = {isa = PBXBuildFile; fileRef = 882680AF2D4BE12A00DFAA88 /* SingleRenewalListView.swift */; };
		882680B22D4BEC1500DFAA88 /* RenewalBusinessFollowup.swift in Sources */ = {isa = PBXBuildFile; fileRef = 882680B12D4BEC1500DFAA88 /* RenewalBusinessFollowup.swift */; };
		882680B42D4BF0D800DFAA88 /* RenewalListView.swift in Sources */ = {isa = PBXBuildFile; fileRef = 882680B32D4BF0D800DFAA88 /* RenewalListView.swift */; };
		882680B62D4BF3BD00DFAA88 /* RenewalListData.swift in Sources */ = {isa = PBXBuildFile; fileRef = 882680B52D4BF3BD00DFAA88 /* RenewalListData.swift */; };
		887354E72D44239F003815DD /* Phoenix_InsuranceApp.swift in Sources */ = {isa = PBXBuildFile; fileRef = 887354E62D44239F003815DD /* Phoenix_InsuranceApp.swift */; };
		887354E92D44239F003815DD /* ContentView.swift in Sources */ = {isa = PBXBuildFile; fileRef = 887354E82D44239F003815DD /* ContentView.swift */; };
		887354EB2D4423A2003815DD /* Assets.xcassets in Resources */ = {isa = PBXBuildFile; fileRef = 887354EA2D4423A2003815DD /* Assets.xcassets */; };
		887354EF2D4423A2003815DD /* Preview Assets.xcassets in Resources */ = {isa = PBXBuildFile; fileRef = 887354EE2D4423A2003815DD /* Preview Assets.xcassets */; };
		887354F92D4423A3003815DD /* Phoenix_InsuranceTests.swift in Sources */ = {isa = PBXBuildFile; fileRef = 887354F82D4423A3003815DD /* Phoenix_InsuranceTests.swift */; };
		887355032D4423A3003815DD /* Phoenix_InsuranceUITests.swift in Sources */ = {isa = PBXBuildFile; fileRef = 887355022D4423A3003815DD /* Phoenix_InsuranceUITests.swift */; };
		887355052D4423A3003815DD /* Phoenix_InsuranceUITestsLaunchTests.swift in Sources */ = {isa = PBXBuildFile; fileRef = 887355042D4423A3003815DD /* Phoenix_InsuranceUITestsLaunchTests.swift */; };
		887355122D442A0D003815DD /* Launch Screen.storyboard in Resources */ = {isa = PBXBuildFile; fileRef = 887355112D442A0D003815DD /* Launch Screen.storyboard */; };
		887355142D442E61003815DD /* LoginViewController.swift in Sources */ = {isa = PBXBuildFile; fileRef = 887355132D442E61003815DD /* LoginViewController.swift */; };
		887355162D442F11003815DD /* Main.storyboard in Resources */ = {isa = PBXBuildFile; fileRef = 887355152D442F11003815DD /* Main.storyboard */; };
		887355182D443053003815DD /* SplashScreenViewController.swift in Sources */ = {isa = PBXBuildFile; fileRef = 887355172D443053003815DD /* SplashScreenViewController.swift */; };
		8873551B2D4444B7003815DD /* Color.swift in Sources */ = {isa = PBXBuildFile; fileRef = 8873551A2D4444B7003815DD /* Color.swift */; };
		8873551D2D444DF8003815DD /* APIService.swift in Sources */ = {isa = PBXBuildFile; fileRef = 8873551C2D444DF8003815DD /* APIService.swift */; };
		8873551F2D44DAE2003815DD /* DashboardView.swift in Sources */ = {isa = PBXBuildFile; fileRef = 8873551E2D44DAE2003815DD /* DashboardView.swift */; };
/* End PBXBuildFile section */

/* Begin PBXContainerItemProxy section */
		887354F52D4423A3003815DD /* PBXContainerItemProxy */ = {
			isa = PBXContainerItemProxy;
			containerPortal = 887354DB2D44239F003815DD /* Project object */;
			proxyType = 1;
			remoteGlobalIDString = 887354E22D44239F003815DD;
			remoteInfo = "Phoenix Insurance";
		};
		887354FF2D4423A3003815DD /* PBXContainerItemProxy */ = {
			isa = PBXContainerItemProxy;
			containerPortal = 887354DB2D44239F003815DD /* Project object */;
			proxyType = 1;
			remoteGlobalIDString = 887354E22D44239F003815DD;
			remoteInfo = "Phoenix Insurance";
		};
/* End PBXContainerItemProxy section */

/* Begin PBXFileReference section */
		8826809F2D45830D00DFAA88 /* AllContacts.swift */ = {isa = PBXFileReference; lastKnownFileType = sourcecode.swift; path = AllContacts.swift; sourceTree = "<group>"; };
		882680A12D4A39F100DFAA88 /* SideMenuView.swift */ = {isa = PBXFileReference; lastKnownFileType = sourcecode.swift; path = SideMenuView.swift; sourceTree = "<group>"; };
		882680A32D4A3C8E00DFAA88 /* MenuButton.swift */ = {isa = PBXFileReference; lastKnownFileType = sourcecode.swift; path = MenuButton.swift; sourceTree = "<group>"; };
		882680A52D4A3EAA00DFAA88 /* AuthManager.swift */ = {isa = PBXFileReference; lastKnownFileType = sourcecode.swift; path = AuthManager.swift; sourceTree = "<group>"; };
		882680A72D4A540700DFAA88 /* NewBusinessFollowup.swift */ = {isa = PBXFileReference; lastKnownFileType = sourcecode.swift; path = NewBusinessFollowup.swift; sourceTree = "<group>"; };
		882680A92D4AA16100DFAA88 /* ContactDetailView.swift */ = {isa = PBXFileReference; lastKnownFileType = sourcecode.swift; path = ContactDetailView.swift; sourceTree = "<group>"; };
		882680AB2D4B19A800DFAA88 /* NewBusinessFollowupDetailView.swift */ = {isa = PBXFileReference; lastKnownFileType = sourcecode.swift; path = NewBusinessFollowupDetailView.swift; sourceTree = "<group>"; };
		882680AD2D4B293F00DFAA88 /* IndividualRenewal.swift */ = {isa = PBXFileReference; lastKnownFileType = sourcecode.swift; path = IndividualRenewal.swift; sourceTree = "<group>"; };
		882680AF2D4BE12A00DFAA88 /* SingleRenewalListView.swift */ = {isa = PBXFileReference; lastKnownFileType = sourcecode.swift; path = SingleRenewalListView.swift; sourceTree = "<group>"; };
		882680B12D4BEC1500DFAA88 /* RenewalBusinessFollowup.swift */ = {isa = PBXFileReference; lastKnownFileType = sourcecode.swift; path = RenewalBusinessFollowup.swift; sourceTree = "<group>"; };
		882680B32D4BF0D800DFAA88 /* RenewalListView.swift */ = {isa = PBXFileReference; lastKnownFileType = sourcecode.swift; path = RenewalListView.swift; sourceTree = "<group>"; };
		882680B52D4BF3BD00DFAA88 /* RenewalListData.swift */ = {isa = PBXFileReference; lastKnownFileType = sourcecode.swift; path = RenewalListData.swift; sourceTree = "<group>"; };
		887354E32D44239F003815DD /* Phoenix Insurance.app */ = {isa = PBXFileReference; explicitFileType = wrapper.application; includeInIndex = 0; path = "Phoenix Insurance.app"; sourceTree = BUILT_PRODUCTS_DIR; };
		887354E62D44239F003815DD /* Phoenix_InsuranceApp.swift */ = {isa = PBXFileReference; lastKnownFileType = sourcecode.swift; path = Phoenix_InsuranceApp.swift; sourceTree = "<group>"; };
		887354E82D44239F003815DD /* ContentView.swift */ = {isa = PBXFileReference; lastKnownFileType = sourcecode.swift; path = ContentView.swift; sourceTree = "<group>"; };
		887354EA2D4423A2003815DD /* Assets.xcassets */ = {isa = PBXFileReference; lastKnownFileType = folder.assetcatalog; path = Assets.xcassets; sourceTree = "<group>"; };
		887354EC2D4423A2003815DD /* Phoenix_Insurance.entitlements */ = {isa = PBXFileReference; lastKnownFileType = text.plist.entitlements; path = Phoenix_Insurance.entitlements; sourceTree = "<group>"; };
		887354EE2D4423A2003815DD /* Preview Assets.xcassets */ = {isa = PBXFileReference; lastKnownFileType = folder.assetcatalog; path = "Preview Assets.xcassets"; sourceTree = "<group>"; };
		887354F42D4423A3003815DD /* Phoenix InsuranceTests.xctest */ = {isa = PBXFileReference; explicitFileType = wrapper.cfbundle; includeInIndex = 0; path = "Phoenix InsuranceTests.xctest"; sourceTree = BUILT_PRODUCTS_DIR; };
		887354F82D4423A3003815DD /* Phoenix_InsuranceTests.swift */ = {isa = PBXFileReference; lastKnownFileType = sourcecode.swift; path = Phoenix_InsuranceTests.swift; sourceTree = "<group>"; };
		887354FE2D4423A3003815DD /* Phoenix InsuranceUITests.xctest */ = {isa = PBXFileReference; explicitFileType = wrapper.cfbundle; includeInIndex = 0; path = "Phoenix InsuranceUITests.xctest"; sourceTree = BUILT_PRODUCTS_DIR; };
		887355022D4423A3003815DD /* Phoenix_InsuranceUITests.swift */ = {isa = PBXFileReference; lastKnownFileType = sourcecode.swift; path = Phoenix_InsuranceUITests.swift; sourceTree = "<group>"; };
		887355042D4423A3003815DD /* Phoenix_InsuranceUITestsLaunchTests.swift */ = {isa = PBXFileReference; lastKnownFileType = sourcecode.swift; path = Phoenix_InsuranceUITestsLaunchTests.swift; sourceTree = "<group>"; };
		887355112D442A0D003815DD /* Launch Screen.storyboard */ = {isa = PBXFileReference; lastKnownFileType = file.storyboard; path = "Launch Screen.storyboard"; sourceTree = "<group>"; };
		887355132D442E61003815DD /* LoginViewController.swift */ = {isa = PBXFileReference; lastKnownFileType = sourcecode.swift; path = LoginViewController.swift; sourceTree = "<group>"; };
		887355152D442F11003815DD /* Main.storyboard */ = {isa = PBXFileReference; lastKnownFileType = file.storyboard; path = Main.storyboard; sourceTree = "<group>"; };
		887355172D443053003815DD /* SplashScreenViewController.swift */ = {isa = PBXFileReference; lastKnownFileType = sourcecode.swift; path = SplashScreenViewController.swift; sourceTree = "<group>"; };
		8873551A2D4444B7003815DD /* Color.swift */ = {isa = PBXFileReference; lastKnownFileType = sourcecode.swift; path = Color.swift; sourceTree = "<group>"; };
		8873551C2D444DF8003815DD /* APIService.swift */ = {isa = PBXFileReference; lastKnownFileType = sourcecode.swift; path = APIService.swift; sourceTree = "<group>"; };
		8873551E2D44DAE2003815DD /* DashboardView.swift */ = {isa = PBXFileReference; lastKnownFileType = sourcecode.swift; path = DashboardView.swift; sourceTree = "<group>"; };
/* End PBXFileReference section */

/* Begin PBXFrameworksBuildPhase section */
		887354E02D44239F003815DD /* Frameworks */ = {
			isa = PBXFrameworksBuildPhase;
			buildActionMask = 2147483647;
			files = (
			);
			runOnlyForDeploymentPostprocessing = 0;
		};
		887354F12D4423A3003815DD /* Frameworks */ = {
			isa = PBXFrameworksBuildPhase;
			buildActionMask = 2147483647;
			files = (
			);
			runOnlyForDeploymentPostprocessing = 0;
		};
		887354FB2D4423A3003815DD /* Frameworks */ = {
			isa = PBXFrameworksBuildPhase;
			buildActionMask = 2147483647;
			files = (
			);
			runOnlyForDeploymentPostprocessing = 0;
		};
/* End PBXFrameworksBuildPhase section */

/* Begin PBXGroup section */
		887354DA2D44239F003815DD = {
			isa = PBXGroup;
			children = (
				887354E52D44239F003815DD /* Phoenix Insurance */,
				887354F72D4423A3003815DD /* Phoenix InsuranceTests */,
				887355012D4423A3003815DD /* Phoenix InsuranceUITests */,
				887354E42D44239F003815DD /* Products */,
			);
			sourceTree = "<group>";
		};
		887354E42D44239F003815DD /* Products */ = {
			isa = PBXGroup;
			children = (
				887354E32D44239F003815DD /* Phoenix Insurance.app */,
				887354F42D4423A3003815DD /* Phoenix InsuranceTests.xctest */,
				887354FE2D4423A3003815DD /* Phoenix InsuranceUITests.xctest */,
			);
			name = Products;
			sourceTree = "<group>";
		};
		887354E52D44239F003815DD /* Phoenix Insurance */ = {
			isa = PBXGroup;
			children = (
				887354E62D44239F003815DD /* Phoenix_InsuranceApp.swift */,
				887355112D442A0D003815DD /* Launch Screen.storyboard */,
				887355172D443053003815DD /* SplashScreenViewController.swift */,
				887354E82D44239F003815DD /* ContentView.swift */,
				8873551E2D44DAE2003815DD /* DashboardView.swift */,
				882680A52D4A3EAA00DFAA88 /* AuthManager.swift */,
				882680A12D4A39F100DFAA88 /* SideMenuView.swift */,
				882680B32D4BF0D800DFAA88 /* RenewalListView.swift */,
				882680A72D4A540700DFAA88 /* NewBusinessFollowup.swift */,
				882680B52D4BF3BD00DFAA88 /* RenewalListData.swift */,
				882680B12D4BEC1500DFAA88 /* RenewalBusinessFollowup.swift */,
				882680A32D4A3C8E00DFAA88 /* MenuButton.swift */,
				8826809F2D45830D00DFAA88 /* AllContacts.swift */,
				882680A92D4AA16100DFAA88 /* ContactDetailView.swift */,
				882680AB2D4B19A800DFAA88 /* NewBusinessFollowupDetailView.swift */,
				882680AD2D4B293F00DFAA88 /* IndividualRenewal.swift */,
				882680AF2D4BE12A00DFAA88 /* SingleRenewalListView.swift */,
				8873551C2D444DF8003815DD /* APIService.swift */,
				8873551A2D4444B7003815DD /* Color.swift */,
				887354EA2D4423A2003815DD /* Assets.xcassets */,
				887354EC2D4423A2003815DD /* Phoenix_Insurance.entitlements */,
				887354ED2D4423A2003815DD /* Preview Content */,
				887355132D442E61003815DD /* LoginViewController.swift */,
				887355152D442F11003815DD /* Main.storyboard */,
			);
			path = "Phoenix Insurance";
			sourceTree = "<group>";
		};
		887354ED2D4423A2003815DD /* Preview Content */ = {
			isa = PBXGroup;
			children = (
				887354EE2D4423A2003815DD /* Preview Assets.xcassets */,
			);
			path = "Preview Content";
			sourceTree = "<group>";
		};
		887354F72D4423A3003815DD /* Phoenix InsuranceTests */ = {
			isa = PBXGroup;
			children = (
				887354F82D4423A3003815DD /* Phoenix_InsuranceTests.swift */,
			);
			path = "Phoenix InsuranceTests";
			sourceTree = "<group>";
		};
		887355012D4423A3003815DD /* Phoenix InsuranceUITests */ = {
			isa = PBXGroup;
			children = (
				887355022D4423A3003815DD /* Phoenix_InsuranceUITests.swift */,
				887355042D4423A3003815DD /* Phoenix_InsuranceUITestsLaunchTests.swift */,
			);
			path = "Phoenix InsuranceUITests";
			sourceTree = "<group>";
		};
/* End PBXGroup section */

/* Begin PBXNativeTarget section */
		887354E22D44239F003815DD /* Phoenix Insurance */ = {
			isa = PBXNativeTarget;
			buildConfigurationList = 887355082D4423A3003815DD /* Build configuration list for PBXNativeTarget "Phoenix Insurance" */;
			buildPhases = (
				887354DF2D44239F003815DD /* Sources */,
				887354E02D44239F003815DD /* Frameworks */,
				887354E12D44239F003815DD /* Resources */,
			);
			buildRules = (
			);
			dependencies = (
			);
			name = "Phoenix Insurance";
			productName = "Phoenix Insurance";
			productReference = 887354E32D44239F003815DD /* Phoenix Insurance.app */;
			productType = "com.apple.product-type.application";
		};
		887354F32D4423A3003815DD /* Phoenix InsuranceTests */ = {
			isa = PBXNativeTarget;
			buildConfigurationList = 8873550B2D4423A3003815DD /* Build configuration list for PBXNativeTarget "Phoenix InsuranceTests" */;
			buildPhases = (
				887354F02D4423A3003815DD /* Sources */,
				887354F12D4423A3003815DD /* Frameworks */,
				887354F22D4423A3003815DD /* Resources */,
			);
			buildRules = (
			);
			dependencies = (
				887354F62D4423A3003815DD /* PBXTargetDependency */,
			);
			name = "Phoenix InsuranceTests";
			productName = "Phoenix InsuranceTests";
			productReference = 887354F42D4423A3003815DD /* Phoenix InsuranceTests.xctest */;
			productType = "com.apple.product-type.bundle.unit-test";
		};
		887354FD2D4423A3003815DD /* Phoenix InsuranceUITests */ = {
			isa = PBXNativeTarget;
			buildConfigurationList = 8873550E2D4423A3003815DD /* Build configuration list for PBXNativeTarget "Phoenix InsuranceUITests" */;
			buildPhases = (
				887354FA2D4423A3003815DD /* Sources */,
				887354FB2D4423A3003815DD /* Frameworks */,
				887354FC2D4423A3003815DD /* Resources */,
			);
			buildRules = (
			);
			dependencies = (
				887355002D4423A3003815DD /* PBXTargetDependency */,
			);
			name = "Phoenix InsuranceUITests";
			productName = "Phoenix InsuranceUITests";
			productReference = 887354FE2D4423A3003815DD /* Phoenix InsuranceUITests.xctest */;
			productType = "com.apple.product-type.bundle.ui-testing";
		};
/* End PBXNativeTarget section */

/* Begin PBXProject section */
		887354DB2D44239F003815DD /* Project object */ = {
			isa = PBXProject;
			attributes = {
				BuildIndependentTargetsInParallel = 1;
				LastSwiftUpdateCheck = 1420;
				LastUpgradeCheck = 1420;
				TargetAttributes = {
					887354E22D44239F003815DD = {
						CreatedOnToolsVersion = 14.2;
					};
					887354F32D4423A3003815DD = {
						CreatedOnToolsVersion = 14.2;
						TestTargetID = 887354E22D44239F003815DD;
					};
					887354FD2D4423A3003815DD = {
						CreatedOnToolsVersion = 14.2;
						TestTargetID = 887354E22D44239F003815DD;
					};
				};
			};
			buildConfigurationList = 887354DE2D44239F003815DD /* Build configuration list for PBXProject "Phoenix Insurance" */;
			compatibilityVersion = "Xcode 14.0";
			developmentRegion = en;
			hasScannedForEncodings = 0;
			knownRegions = (
				en,
				Base,
			);
			mainGroup = 887354DA2D44239F003815DD;
			productRefGroup = 887354E42D44239F003815DD /* Products */;
			projectDirPath = "";
			projectRoot = "";
			targets = (
				887354E22D44239F003815DD /* Phoenix Insurance */,
				887354F32D4423A3003815DD /* Phoenix InsuranceTests */,
				887354FD2D4423A3003815DD /* Phoenix InsuranceUITests */,
			);
		};
/* End PBXProject section */

/* Begin PBXResourcesBuildPhase section */
		887354E12D44239F003815DD /* Resources */ = {
			isa = PBXResourcesBuildPhase;
			buildActionMask = 2147483647;
			files = (
				887355122D442A0D003815DD /* Launch Screen.storyboard in Resources */,
				887354EF2D4423A2003815DD /* Preview Assets.xcassets in Resources */,
				887354EB2D4423A2003815DD /* Assets.xcassets in Resources */,
				887355162D442F11003815DD /* Main.storyboard in Resources */,
			);
			runOnlyForDeploymentPostprocessing = 0;
		};
		887354F22D4423A3003815DD /* Resources */ = {
			isa = PBXResourcesBuildPhase;
			buildActionMask = 2147483647;
			files = (
			);
			runOnlyForDeploymentPostprocessing = 0;
		};
		887354FC2D4423A3003815DD /* Resources */ = {
			isa = PBXResourcesBuildPhase;
			buildActionMask = 2147483647;
			files = (
			);
			runOnlyForDeploymentPostprocessing = 0;
		};
/* End PBXResourcesBuildPhase section */

/* Begin PBXSourcesBuildPhase section */
		887354DF2D44239F003815DD /* Sources */ = {
			isa = PBXSourcesBuildPhase;
			buildActionMask = 2147483647;
			files = (
				887355142D442E61003815DD /* LoginViewController.swift in Sources */,
				887354E92D44239F003815DD /* ContentView.swift in Sources */,
				882680A42D4A3C8E00DFAA88 /* MenuButton.swift in Sources */,
				882680B42D4BF0D800DFAA88 /* RenewalListView.swift in Sources */,
				887355182D443053003815DD /* SplashScreenViewController.swift in Sources */,
				882680AC2D4B19A800DFAA88 /* NewBusinessFollowupDetailView.swift in Sources */,
				8873551F2D44DAE2003815DD /* DashboardView.swift in Sources */,
				882680AA2D4AA16100DFAA88 /* ContactDetailView.swift in Sources */,
				882680A02D45830D00DFAA88 /* AllContacts.swift in Sources */,
				8873551B2D4444B7003815DD /* Color.swift in Sources */,
				882680B22D4BEC1500DFAA88 /* RenewalBusinessFollowup.swift in Sources */,
				882680A22D4A39F100DFAA88 /* SideMenuView.swift in Sources */,
				882680A62D4A3EAA00DFAA88 /* AuthManager.swift in Sources */,
				882680B62D4BF3BD00DFAA88 /* RenewalListData.swift in Sources */,
				882680AE2D4B293F00DFAA88 /* IndividualRenewal.swift in Sources */,
				8873551D2D444DF8003815DD /* APIService.swift in Sources */,
				882680B02D4BE12A00DFAA88 /* SingleRenewalListView.swift in Sources */,
				882680A82D4A540700DFAA88 /* NewBusinessFollowup.swift in Sources */,
				887354E72D44239F003815DD /* Phoenix_InsuranceApp.swift in Sources */,
			);
			runOnlyForDeploymentPostprocessing = 0;
		};
		887354F02D4423A3003815DD /* Sources */ = {
			isa = PBXSourcesBuildPhase;
			buildActionMask = 2147483647;
			files = (
				887354F92D4423A3003815DD /* Phoenix_InsuranceTests.swift in Sources */,
			);
			runOnlyForDeploymentPostprocessing = 0;
		};
		887354FA2D4423A3003815DD /* Sources */ = {
			isa = PBXSourcesBuildPhase;
			buildActionMask = 2147483647;
			files = (
				887355032D4423A3003815DD /* Phoenix_InsuranceUITests.swift in Sources */,
				887355052D4423A3003815DD /* Phoenix_InsuranceUITestsLaunchTests.swift in Sources */,
			);
			runOnlyForDeploymentPostprocessing = 0;
		};
/* End PBXSourcesBuildPhase section */

/* Begin PBXTargetDependency section */
		887354F62D4423A3003815DD /* PBXTargetDependency */ = {
			isa = PBXTargetDependency;
			target = 887354E22D44239F003815DD /* Phoenix Insurance */;
			targetProxy = 887354F52D4423A3003815DD /* PBXContainerItemProxy */;
		};
		887355002D4423A3003815DD /* PBXTargetDependency */ = {
			isa = PBXTargetDependency;
			target = 887354E22D44239F003815DD /* Phoenix Insurance */;
			targetProxy = 887354FF2D4423A3003815DD /* PBXContainerItemProxy */;
		};
/* End PBXTargetDependency section */

/* Begin XCBuildConfiguration section */
		887355062D4423A3003815DD /* Debug */ = {
			isa = XCBuildConfiguration;
			buildSettings = {
				ALWAYS_SEARCH_USER_PATHS = NO;
				CLANG_ANALYZER_NONNULL = YES;
				CLANG_ANALYZER_NUMBER_OBJECT_CONVERSION = YES_AGGRESSIVE;
				CLANG_CXX_LANGUAGE_STANDARD = "gnu++20";
				CLANG_ENABLE_MODULES = YES;
				CLANG_ENABLE_OBJC_ARC = YES;
				CLANG_ENABLE_OBJC_WEAK = YES;
				CLANG_WARN_BLOCK_CAPTURE_AUTORELEASING = YES;
				CLANG_WARN_BOOL_CONVERSION = YES;
				CLANG_WARN_COMMA = YES;
				CLANG_WARN_CONSTANT_CONVERSION = YES;
				CLANG_WARN_DEPRECATED_OBJC_IMPLEMENTATIONS = YES;
				CLANG_WARN_DIRECT_OBJC_ISA_USAGE = YES_ERROR;
				CLANG_WARN_DOCUMENTATION_COMMENTS = YES;
				CLANG_WARN_EMPTY_BODY = YES;
				CLANG_WARN_ENUM_CONVERSION = YES;
				CLANG_WARN_INFINITE_RECURSION = YES;
				CLANG_WARN_INT_CONVERSION = YES;
				CLANG_WARN_NON_LITERAL_NULL_CONVERSION = YES;
				CLANG_WARN_OBJC_IMPLICIT_RETAIN_SELF = YES;
				CLANG_WARN_OBJC_LITERAL_CONVERSION = YES;
				CLANG_WARN_OBJC_ROOT_CLASS = YES_ERROR;
				CLANG_WARN_QUOTED_INCLUDE_IN_FRAMEWORK_HEADER = YES;
				CLANG_WARN_RANGE_LOOP_ANALYSIS = YES;
				CLANG_WARN_STRICT_PROTOTYPES = YES;
				CLANG_WARN_SUSPICIOUS_MOVE = YES;
				CLANG_WARN_UNGUARDED_AVAILABILITY = YES_AGGRESSIVE;
				CLANG_WARN_UNREACHABLE_CODE = YES;
				CLANG_WARN__DUPLICATE_METHOD_MATCH = YES;
				COPY_PHASE_STRIP = NO;
				DEBUG_INFORMATION_FORMAT = dwarf;
				ENABLE_STRICT_OBJC_MSGSEND = YES;
				ENABLE_TESTABILITY = YES;
				GCC_C_LANGUAGE_STANDARD = gnu11;
				GCC_DYNAMIC_NO_PIC = NO;
				GCC_NO_COMMON_BLOCKS = YES;
				GCC_OPTIMIZATION_LEVEL = 0;
				GCC_PREPROCESSOR_DEFINITIONS = (
					"DEBUG=1",
					"$(inherited)",
				);
				GCC_WARN_64_TO_32_BIT_CONVERSION = YES;
				GCC_WARN_ABOUT_RETURN_TYPE = YES_ERROR;
				GCC_WARN_UNDECLARED_SELECTOR = YES;
				GCC_WARN_UNINITIALIZED_AUTOS = YES_AGGRESSIVE;
				GCC_WARN_UNUSED_FUNCTION = YES;
				GCC_WARN_UNUSED_VARIABLE = YES;
				MTL_ENABLE_DEBUG_INFO = INCLUDE_SOURCE;
				MTL_FAST_MATH = YES;
				ONLY_ACTIVE_ARCH = YES;
				SWIFT_ACTIVE_COMPILATION_CONDITIONS = DEBUG;
				SWIFT_OPTIMIZATION_LEVEL = "-Onone";
			};
			name = Debug;
		};
		887355072D4423A3003815DD /* Release */ = {
			isa = XCBuildConfiguration;
			buildSettings = {
				ALWAYS_SEARCH_USER_PATHS = NO;
				CLANG_ANALYZER_NONNULL = YES;
				CLANG_ANALYZER_NUMBER_OBJECT_CONVERSION = YES_AGGRESSIVE;
				CLANG_CXX_LANGUAGE_STANDARD = "gnu++20";
				CLANG_ENABLE_MODULES = YES;
				CLANG_ENABLE_OBJC_ARC = YES;
				CLANG_ENABLE_OBJC_WEAK = YES;
				CLANG_WARN_BLOCK_CAPTURE_AUTORELEASING = YES;
				CLANG_WARN_BOOL_CONVERSION = YES;
				CLANG_WARN_COMMA = YES;
				CLANG_WARN_CONSTANT_CONVERSION = YES;
				CLANG_WARN_DEPRECATED_OBJC_IMPLEMENTATIONS = YES;
				CLANG_WARN_DIRECT_OBJC_ISA_USAGE = YES_ERROR;
				CLANG_WARN_DOCUMENTATION_COMMENTS = YES;
				CLANG_WARN_EMPTY_BODY = YES;
				CLANG_WARN_ENUM_CONVERSION = YES;
				CLANG_WARN_INFINITE_RECURSION = YES;
				CLANG_WARN_INT_CONVERSION = YES;
				CLANG_WARN_NON_LITERAL_NULL_CONVERSION = YES;
				CLANG_WARN_OBJC_IMPLICIT_RETAIN_SELF = YES;
				CLANG_WARN_OBJC_LITERAL_CONVERSION = YES;
				CLANG_WARN_OBJC_ROOT_CLASS = YES_ERROR;
				CLANG_WARN_QUOTED_INCLUDE_IN_FRAMEWORK_HEADER = YES;
				CLANG_WARN_RANGE_LOOP_ANALYSIS = YES;
				CLANG_WARN_STRICT_PROTOTYPES = YES;
				CLANG_WARN_SUSPICIOUS_MOVE = YES;
				CLANG_WARN_UNGUARDED_AVAILABILITY = YES_AGGRESSIVE;
				CLANG_WARN_UNREACHABLE_CODE = YES;
				CLANG_WARN__DUPLICATE_METHOD_MATCH = YES;
				COPY_PHASE_STRIP = NO;
				DEBUG_INFORMATION_FORMAT = "dwarf-with-dsym";
				ENABLE_NS_ASSERTIONS = NO;
				ENABLE_STRICT_OBJC_MSGSEND = YES;
				GCC_C_LANGUAGE_STANDARD = gnu11;
				GCC_NO_COMMON_BLOCKS = YES;
				GCC_WARN_64_TO_32_BIT_CONVERSION = YES;
				GCC_WARN_ABOUT_RETURN_TYPE = YES_ERROR;
				GCC_WARN_UNDECLARED_SELECTOR = YES;
				GCC_WARN_UNINITIALIZED_AUTOS = YES_AGGRESSIVE;
				GCC_WARN_UNUSED_FUNCTION = YES;
				GCC_WARN_UNUSED_VARIABLE = YES;
				MTL_ENABLE_DEBUG_INFO = NO;
				MTL_FAST_MATH = YES;
				SWIFT_COMPILATION_MODE = wholemodule;
				SWIFT_OPTIMIZATION_LEVEL = "-O";
			};
			name = Release;
		};
		887355092D4423A3003815DD /* Debug */ = {
			isa = XCBuildConfiguration;
			buildSettings = {
				ASSETCATALOG_COMPILER_APPICON_NAME = AppIcon;
				ASSETCATALOG_COMPILER_GLOBAL_ACCENT_COLOR_NAME = AccentColor;
				CODE_SIGN_ENTITLEMENTS = "Phoenix Insurance/Phoenix_Insurance.entitlements";
				CODE_SIGN_STYLE = Automatic;
				CURRENT_PROJECT_VERSION = 1;
				DEVELOPMENT_ASSET_PATHS = "\"Phoenix Insurance/Preview Content\"";
				DEVELOPMENT_TEAM = YKPKT43P67;
				ENABLE_HARDENED_RUNTIME = YES;
				ENABLE_PREVIEWS = YES;
				GENERATE_INFOPLIST_FILE = YES;
				INFOPLIST_KEY_CFBundleDisplayName = "Phoenix Insurance";
				INFOPLIST_KEY_LSApplicationCategoryType = "public.app-category.productivity";
				"INFOPLIST_KEY_UIApplicationSceneManifest_Generation[sdk=iphoneos*]" = YES;
				"INFOPLIST_KEY_UIApplicationSceneManifest_Generation[sdk=iphonesimulator*]" = YES;
				"INFOPLIST_KEY_UIApplicationSupportsIndirectInputEvents[sdk=iphoneos*]" = YES;
				"INFOPLIST_KEY_UIApplicationSupportsIndirectInputEvents[sdk=iphonesimulator*]" = YES;
				"INFOPLIST_KEY_UILaunchScreen_Generation[sdk=iphoneos*]" = YES;
				"INFOPLIST_KEY_UILaunchScreen_Generation[sdk=iphonesimulator*]" = YES;
				INFOPLIST_KEY_UILaunchStoryboardName = "Launch Screen.storyboard";
				"INFOPLIST_KEY_UIStatusBarStyle[sdk=iphoneos*]" = UIStatusBarStyleDefault;
				"INFOPLIST_KEY_UIStatusBarStyle[sdk=iphonesimulator*]" = UIStatusBarStyleDefault;
				INFOPLIST_KEY_UISupportedInterfaceOrientations_iPad = "UIInterfaceOrientationPortrait UIInterfaceOrientationPortraitUpsideDown UIInterfaceOrientationLandscapeLeft UIInterfaceOrientationLandscapeRight";
				INFOPLIST_KEY_UISupportedInterfaceOrientations_iPhone = "UIInterfaceOrientationPortrait UIInterfaceOrientationLandscapeLeft UIInterfaceOrientationLandscapeRight";
				IPHONEOS_DEPLOYMENT_TARGET = 16.2;
				LD_RUNPATH_SEARCH_PATHS = "@executable_path/Frameworks";
				"LD_RUNPATH_SEARCH_PATHS[sdk=macosx*]" = "@executable_path/../Frameworks";
				MACOSX_DEPLOYMENT_TARGET = 12.7;
				MARKETING_VERSION = 1.0;
				PRODUCT_BUNDLE_IDENTIFIER = "com.eoontech.Phoenix-Insurance";
				PRODUCT_NAME = "$(TARGET_NAME)";
				SDKROOT = auto;
				SUPPORTED_PLATFORMS = "iphoneos iphonesimulator";
				SUPPORTS_MACCATALYST = NO;
				SUPPORTS_MAC_DESIGNED_FOR_IPHONE_IPAD = NO;
				SWIFT_EMIT_LOC_STRINGS = YES;
				SWIFT_VERSION = 5.0;
				TARGETED_DEVICE_FAMILY = "1,2";
			};
			name = Debug;
		};
		8873550A2D4423A3003815DD /* Release */ = {
			isa = XCBuildConfiguration;
			buildSettings = {
				ASSETCATALOG_COMPILER_APPICON_NAME = AppIcon;
				ASSETCATALOG_COMPILER_GLOBAL_ACCENT_COLOR_NAME = AccentColor;
				CODE_SIGN_ENTITLEMENTS = "Phoenix Insurance/Phoenix_Insurance.entitlements";
				CODE_SIGN_STYLE = Automatic;
				CURRENT_PROJECT_VERSION = 1;
				DEVELOPMENT_ASSET_PATHS = "\"Phoenix Insurance/Preview Content\"";
				DEVELOPMENT_TEAM = YKPKT43P67;
				ENABLE_HARDENED_RUNTIME = YES;
				ENABLE_PREVIEWS = YES;
				GENERATE_INFOPLIST_FILE = YES;
				INFOPLIST_KEY_CFBundleDisplayName = "Phoenix Insurance";
				INFOPLIST_KEY_LSApplicationCategoryType = "public.app-category.productivity";
				"INFOPLIST_KEY_UIApplicationSceneManifest_Generation[sdk=iphoneos*]" = YES;
				"INFOPLIST_KEY_UIApplicationSceneManifest_Generation[sdk=iphonesimulator*]" = YES;
				"INFOPLIST_KEY_UIApplicationSupportsIndirectInputEvents[sdk=iphoneos*]" = YES;
				"INFOPLIST_KEY_UIApplicationSupportsIndirectInputEvents[sdk=iphonesimulator*]" = YES;
				"INFOPLIST_KEY_UILaunchScreen_Generation[sdk=iphoneos*]" = YES;
				"INFOPLIST_KEY_UILaunchScreen_Generation[sdk=iphonesimulator*]" = YES;
				INFOPLIST_KEY_UILaunchStoryboardName = "Launch Screen.storyboard";
				"INFOPLIST_KEY_UIStatusBarStyle[sdk=iphoneos*]" = UIStatusBarStyleDefault;
				"INFOPLIST_KEY_UIStatusBarStyle[sdk=iphonesimulator*]" = UIStatusBarStyleDefault;
				INFOPLIST_KEY_UISupportedInterfaceOrientations_iPad = "UIInterfaceOrientationPortrait UIInterfaceOrientationPortraitUpsideDown UIInterfaceOrientationLandscapeLeft UIInterfaceOrientationLandscapeRight";
				INFOPLIST_KEY_UISupportedInterfaceOrientations_iPhone = "UIInterfaceOrientationPortrait UIInterfaceOrientationLandscapeLeft UIInterfaceOrientationLandscapeRight";
				IPHONEOS_DEPLOYMENT_TARGET = 16.2;
				LD_RUNPATH_SEARCH_PATHS = "@executable_path/Frameworks";
				"LD_RUNPATH_SEARCH_PATHS[sdk=macosx*]" = "@executable_path/../Frameworks";
				MACOSX_DEPLOYMENT_TARGET = 12.7;
				MARKETING_VERSION = 1.0;
				PRODUCT_BUNDLE_IDENTIFIER = "com.eoontech.Phoenix-Insurance";
				PRODUCT_NAME = "$(TARGET_NAME)";
				SDKROOT = auto;
				SUPPORTED_PLATFORMS = "iphoneos iphonesimulator";
				SUPPORTS_MACCATALYST = NO;
				SUPPORTS_MAC_DESIGNED_FOR_IPHONE_IPAD = NO;
				SWIFT_EMIT_LOC_STRINGS = YES;
				SWIFT_VERSION = 5.0;
				TARGETED_DEVICE_FAMILY = "1,2";
			};
			name = Release;
		};
		8873550C2D4423A3003815DD /* Debug */ = {
			isa = XCBuildConfiguration;
			buildSettings = {
				ALWAYS_EMBED_SWIFT_STANDARD_LIBRARIES = YES;
				BUNDLE_LOADER = "$(TEST_HOST)";
				CODE_SIGN_STYLE = Automatic;
				CURRENT_PROJECT_VERSION = 1;
				DEVELOPMENT_TEAM = YKPKT43P67;
				GENERATE_INFOPLIST_FILE = YES;
				IPHONEOS_DEPLOYMENT_TARGET = 16.2;
				MACOSX_DEPLOYMENT_TARGET = 12.7;
				MARKETING_VERSION = 1.0;
				PRODUCT_BUNDLE_IDENTIFIER = "com.eoontech.Phoenix-InsuranceTests";
				PRODUCT_NAME = "$(TARGET_NAME)";
				SDKROOT = auto;
				SUPPORTED_PLATFORMS = "iphoneos iphonesimulator macosx";
				SWIFT_EMIT_LOC_STRINGS = NO;
				SWIFT_VERSION = 5.0;
				TARGETED_DEVICE_FAMILY = "1,2";
				TEST_HOST = "$(BUILT_PRODUCTS_DIR)/Phoenix Insurance.app/$(BUNDLE_EXECUTABLE_FOLDER_PATH)/Phoenix Insurance";
			};
			name = Debug;
		};
		8873550D2D4423A3003815DD /* Release */ = {
			isa = XCBuildConfiguration;
			buildSettings = {
				ALWAYS_EMBED_SWIFT_STANDARD_LIBRARIES = YES;
				BUNDLE_LOADER = "$(TEST_HOST)";
				CODE_SIGN_STYLE = Automatic;
				CURRENT_PROJECT_VERSION = 1;
				DEVELOPMENT_TEAM = YKPKT43P67;
				GENERATE_INFOPLIST_FILE = YES;
				IPHONEOS_DEPLOYMENT_TARGET = 16.2;
				MACOSX_DEPLOYMENT_TARGET = 12.7;
				MARKETING_VERSION = 1.0;
				PRODUCT_BUNDLE_IDENTIFIER = "com.eoontech.Phoenix-InsuranceTests";
				PRODUCT_NAME = "$(TARGET_NAME)";
				SDKROOT = auto;
				SUPPORTED_PLATFORMS = "iphoneos iphonesimulator macosx";
				SWIFT_EMIT_LOC_STRINGS = NO;
				SWIFT_VERSION = 5.0;
				TARGETED_DEVICE_FAMILY = "1,2";
				TEST_HOST = "$(BUILT_PRODUCTS_DIR)/Phoenix Insurance.app/$(BUNDLE_EXECUTABLE_FOLDER_PATH)/Phoenix Insurance";
			};
			name = Release;
		};
		8873550F2D4423A3003815DD /* Debug */ = {
			isa = XCBuildConfiguration;
			buildSettings = {
				ALWAYS_EMBED_SWIFT_STANDARD_LIBRARIES = YES;
				CODE_SIGN_STYLE = Automatic;
				CURRENT_PROJECT_VERSION = 1;
				DEVELOPMENT_TEAM = YKPKT43P67;
				GENERATE_INFOPLIST_FILE = YES;
				IPHONEOS_DEPLOYMENT_TARGET = 16.2;
				MACOSX_DEPLOYMENT_TARGET = 12.7;
				MARKETING_VERSION = 1.0;
				PRODUCT_BUNDLE_IDENTIFIER = "com.eoontech.Phoenix-InsuranceUITests";
				PRODUCT_NAME = "$(TARGET_NAME)";
				SDKROOT = auto;
				SUPPORTED_PLATFORMS = "iphoneos iphonesimulator macosx";
				SWIFT_EMIT_LOC_STRINGS = NO;
				SWIFT_VERSION = 5.0;
				TARGETED_DEVICE_FAMILY = "1,2";
				TEST_TARGET_NAME = "Phoenix Insurance";
			};
			name = Debug;
		};
		887355102D4423A3003815DD /* Release */ = {
			isa = XCBuildConfiguration;
			buildSettings = {
				ALWAYS_EMBED_SWIFT_STANDARD_LIBRARIES = YES;
				CODE_SIGN_STYLE = Automatic;
				CURRENT_PROJECT_VERSION = 1;
				DEVELOPMENT_TEAM = YKPKT43P67;
				GENERATE_INFOPLIST_FILE = YES;
				IPHONEOS_DEPLOYMENT_TARGET = 16.2;
				MACOSX_DEPLOYMENT_TARGET = 12.7;
				MARKETING_VERSION = 1.0;
				PRODUCT_BUNDLE_IDENTIFIER = "com.eoontech.Phoenix-InsuranceUITests";
				PRODUCT_NAME = "$(TARGET_NAME)";
				SDKROOT = auto;
				SUPPORTED_PLATFORMS = "iphoneos iphonesimulator macosx";
				SWIFT_EMIT_LOC_STRINGS = NO;
				SWIFT_VERSION = 5.0;
				TARGETED_DEVICE_FAMILY = "1,2";
				TEST_TARGET_NAME = "Phoenix Insurance";
			};
			name = Release;
		};
/* End XCBuildConfiguration section */

/* Begin XCConfigurationList section */
		887354DE2D44239F003815DD /* Build configuration list for PBXProject "Phoenix Insurance" */ = {
			isa = XCConfigurationList;
			buildConfigurations = (
				887355062D4423A3003815DD /* Debug */,
				887355072D4423A3003815DD /* Release */,
			);
			defaultConfigurationIsVisible = 0;
			defaultConfigurationName = Release;
		};
		887355082D4423A3003815DD /* Build configuration list for PBXNativeTarget "Phoenix Insurance" */ = {
			isa = XCConfigurationList;
			buildConfigurations = (
				887355092D4423A3003815DD /* Debug */,
				8873550A2D4423A3003815DD /* Release */,
			);
			defaultConfigurationIsVisible = 0;
			defaultConfigurationName = Release;
		};
		8873550B2D4423A3003815DD /* Build configuration list for PBXNativeTarget "Phoenix InsuranceTests" */ = {
			isa = XCConfigurationList;
			buildConfigurations = (
				8873550C2D4423A3003815DD /* Debug */,
				8873550D2D4423A3003815DD /* Release */,
			);
			defaultConfigurationIsVisible = 0;
			defaultConfigurationName = Release;
		};
		8873550E2D4423A3003815DD /* Build configuration list for PBXNativeTarget "Phoenix InsuranceUITests" */ = {
			isa = XCConfigurationList;
			buildConfigurations = (
				8873550F2D4423A3003815DD /* Debug */,
				887355102D4423A3003815DD /* Release */,
			);
			defaultConfigurationIsVisible = 0;
			defaultConfigurationName = Release;
		};
/* End XCConfigurationList section */
	};
	rootObject = 887354DB2D44239F003815DD /* Project object */;
}
